{
  "name": "json-proxy",
  "version": "0.2.0",
  "dependencies": {
    "colors": {
      "version": "0.6.2",
      "from": "colors@~0.6.0"
    },
    "http-proxy": {
      "version": "1.1.5",
      "from": "http-proxy@~1.1.0",
      "dependencies": {
        "eventemitter3": {
          "version": "0.1.2",
          "from": "eventemitter3@*"
        }
      }
    },
    "optimist": {
      "version": "0.6.1",
      "from": "optimist@~0.6.0",
      "dependencies": {
        "wordwrap": {
          "version": "0.0.2",
          "from": "wordwrap@~0.0.2"
        },
        "minimist": {
          "version": "0.0.10",
          "from": "minimist@~0.0.1"
        }
      }
    }
  }
}
